{"is_source_file": false, "format": "", "description": "", "external_files": [], "external_methods": [], "published": [], "classes": [], "methods": [], "calls": [], "search-terms": [], "state": 2, "file_id": 5, "knowledge_revision": 22, "git_revision": "72fd41c84a76c73234ab94fc154c8380c4b89b72", "hash": "9c4ed7ef73e22b872b8055bec08b8979", "format-version": 4, "code-base-name": "default", "filename": "main_container_for_di_marias_homecoming/post_process_status.lock", "revision_history": [{"22": "72fd41c84a76c73234ab94fc154c8380c4b89b72"}]}